
Microsoft Visual Studio Solution File, Format Version 12.00
# Visual Studio 2012
Project("{FAE04EC0-301F-11D3-BF4B-00C04F79EFBC}") = "GraniteFortWorth_WebsiteApplication", "GraniteFortWorth_WebsiteApplication\GraniteFortWorth_WebsiteApplication.csproj", "{7448A378-8E16-4ECC-A29E-ED8E2357295F}"
EndProject
Global
	GlobalSection(SolutionConfigurationPlatforms) = preSolution
		Debug|Any CPU = Debug|Any CPU
		Release|Any CPU = Release|Any CPU
	EndGlobalSection
	GlobalSection(ProjectConfigurationPlatforms) = postSolution
		{7448A378-8E16-4ECC-A29E-ED8E2357295F}.Debug|Any CPU.ActiveCfg = Debug|Any CPU
		{7448A378-8E16-4ECC-A29E-ED8E2357295F}.Debug|Any CPU.Build.0 = Debug|Any CPU
		{7448A378-8E16-4ECC-A29E-ED8E2357295F}.Release|Any CPU.ActiveCfg = Release|Any CPU
		{7448A378-8E16-4ECC-A29E-ED8E2357295F}.Release|Any CPU.Build.0 = Release|Any CPU
	EndGlobalSection
	GlobalSection(SolutionProperties) = preSolution
		HideSolutionNode = FALSE
	EndGlobalSection
EndGlobal
